
Microsoft Visual Studio Solution File, Format Version 12.00
# Visual Studio 15
VisualStudioVersion = 15.0.27703.2018
MinimumVisualStudioVersion = 10.0.40219.1
Project("{FAE04EC0-301F-11D3-BF4B-00C04F79EFBC}") = "TrackerLibrary", "TrackerLibrary\TrackerLibrary.csproj", "{DA49A2C3-FC0C-4497-BBA7-B13E71DBC593}"
EndProject
Global
	GlobalSection(SolutionConfigurationPlatforms) = preSolution
		Debug|Any CPU = Debug|Any CPU
		Release|Any CPU = Release|Any CPU
	EndGlobalSection
	GlobalSection(ProjectConfigurationPlatforms) = postSolution
		{DA49A2C3-FC0C-4497-BBA7-B13E71DBC593}.Debug|Any CPU.ActiveCfg = Debug|Any CPU
		{DA49A2C3-FC0C-4497-BBA7-B13E71DBC593}.Debug|Any CPU.Build.0 = Debug|Any CPU
		{DA49A2C3-FC0C-4497-BBA7-B13E71DBC593}.Release|Any CPU.ActiveCfg = Release|Any CPU
		{DA49A2C3-FC0C-4497-BBA7-B13E71DBC593}.Release|Any CPU.Build.0 = Release|Any CPU
	EndGlobalSection
	GlobalSection(SolutionProperties) = preSolution
		HideSolutionNode = FALSE
	EndGlobalSection
	GlobalSection(ExtensibilityGlobals) = postSolution
		SolutionGuid = {D4D651FD-DB3B-493D-AD72-2A2F29C748BB}
	EndGlobalSection
EndGlobal
